Microsoft Visual Studio Solution File, Format Version 11.00
# Visual Studio 2008

Project("{E9552678-94E3-9213-1409-69DABB547087}") = "JumpyBear", "Assembly-CSharp-firstpass-vs.csproj", "{536F4BA4-BC11-F370-1073-6F469BCDDA1A}"
EndProject
Project("{E9552678-94E3-9213-1409-69DABB547087}") = "JumpyBear", "Assembly-CSharp-vs.csproj", "{452ABD79-E4A9-4D9B-26F2-620D08D7B131}"
EndProject
Project("{E9552678-94E3-9213-1409-69DABB547087}") = "JumpyBear", "Assembly-CSharp-Editor-vs.csproj", "{8FD558C0-BC40-34A4-A552-EB62CE661556}"
EndProject
Global
	GlobalSection(SolutionConfigurationPlatforms) = preSolution
		Debug|Any CPU = Debug|Any CPU
		Release|Any CPU = Release|Any CPU
	EndGlobalSection
	GlobalSection(ProjectConfigurationPlatforms) = postSolution
		{536F4BA4-BC11-F370-1073-6F469BCDDA1A}.Debug|Any CPU.ActiveCfg = Debug|Any CPU
		{536F4BA4-BC11-F370-1073-6F469BCDDA1A}.Debug|Any CPU.Build.0 = Debug|Any CPU
		{536F4BA4-BC11-F370-1073-6F469BCDDA1A}.Release|Any CPU.ActiveCfg = Release|Any CPU
		{536F4BA4-BC11-F370-1073-6F469BCDDA1A}.Release|Any CPU.Build.0 = Release|Any CPU
		{452ABD79-E4A9-4D9B-26F2-620D08D7B131}.Debug|Any CPU.ActiveCfg = Debug|Any CPU
		{452ABD79-E4A9-4D9B-26F2-620D08D7B131}.Debug|Any CPU.Build.0 = Debug|Any CPU
		{452ABD79-E4A9-4D9B-26F2-620D08D7B131}.Release|Any CPU.ActiveCfg = Release|Any CPU
		{452ABD79-E4A9-4D9B-26F2-620D08D7B131}.Release|Any CPU.Build.0 = Release|Any CPU
		{8FD558C0-BC40-34A4-A552-EB62CE661556}.Debug|Any CPU.ActiveCfg = Debug|Any CPU
		{8FD558C0-BC40-34A4-A552-EB62CE661556}.Debug|Any CPU.Build.0 = Debug|Any CPU
		{8FD558C0-BC40-34A4-A552-EB62CE661556}.Release|Any CPU.ActiveCfg = Release|Any CPU
		{8FD558C0-BC40-34A4-A552-EB62CE661556}.Release|Any CPU.Build.0 = Release|Any CPU
	EndGlobalSection
	GlobalSection(SolutionProperties) = preSolution
		HideSolutionNode = FALSE
	EndGlobalSection
																															GlobalSection(MonoDevelopProperties) = preSolution
		StartupItem = Assembly-CSharp.csproj
		Policies = $0
		$0.TextStylePolicy = $1
		$1.inheritsSet = null
		$1.scope = text/x-csharp
		$0.CSharpFormattingPolicy = $2
		$2.inheritsSet = Mono
		$2.inheritsScope = text/x-csharp
		$2.scope = text/x-csharp
		$0.TextStylePolicy = $3
		$3.FileWidth = 120
		$3.TabWidth = 4
		$3.IndentWidth = 4
		$3.EolMarker = Unix
		$3.inheritsSet = Mono
		$3.inheritsScope = text/plain
		$3.scope = text/plain
	EndGlobalSection

EndGlobal
